// !$*UTF8*$!
{
	archiveVersion = 1;
	classes = {
	};
	objectVersion = 50;
	objects = {

/* Begin PBXBuildFile section */
		28BD780D227A9C860029EF0E /* AppDelegate.swift in Sources */ = {isa = PBXBuildFile; fileRef = 28BD780C227A9C860029EF0E /* AppDelegate.swift */; };
		28BD780F227A9C860029EF0E /* ViewController.swift in Sources */ = {isa = PBXBuildFile; fileRef = 28BD780E227A9C860029EF0E /* ViewController.swift */; };
		28BD7812227A9C860029EF0E /* Main.storyboard in Resources */ = {isa = PBXBuildFile; fileRef = 28BD7810227A9C860029EF0E /* Main.storyboard */; };
		28BD7814227A9C870029EF0E /* Assets.xcassets in Resources */ = {isa = PBXBuildFile; fileRef = 28BD7813227A9C870029EF0E /* Assets.xcassets */; };
		28BD7817227A9C870029EF0E /* LaunchScreen.storyboard in Resources */ = {isa = PBXBuildFile; fileRef = 28BD7815227A9C870029EF0E /* LaunchScreen.storyboard */; };
		28BD7847227AAA8E0029EF0E /* MochiPay.framework in Frameworks */ = {isa = PBXBuildFile; fileRef = 28BD7846227AAA850029EF0E /* MochiPay.framework */; };
/* End PBXBuildFile section */

/* Begin PBXContainerItemProxy section */
		28BD7845227AAA850029EF0E /* PBXContainerItemProxy */ = {
			isa = PBXContainerItemProxy;
			containerPortal = 28BD7841227AAA850029EF0E /* MochiPay.xcodeproj */;
			proxyType = 2;
			remoteGlobalIDString = 28BD77F5227A9B940029EF0E;
			remoteInfo = MochiPay;
		};
/* End PBXContainerItemProxy section */

/* Begin PBXFileReference section */
		28BD7809227A9C860029EF0E /* Swift Example.app */ = {isa = PBXFileReference; explicitFileType = wrapper.application; includeInIndex = 0; path = "Swift Example.app"; sourceTree = BUILT_PRODUCTS_DIR; };
		28BD780C227A9C860029EF0E /* AppDelegate.swift */ = {isa = PBXFileReference; lastKnownFileType = sourcecode.swift; path = AppDelegate.swift; sourceTree = "<group>"; };
		28BD780E227A9C860029EF0E /* ViewController.swift */ = {isa = PBXFileReference; lastKnownFileType = sourcecode.swift; path = ViewController.swift; sourceTree = "<group>"; };
		28BD7811227A9C860029EF0E /* Base */ = {isa = PBXFileReference; lastKnownFileType = file.storyboard; name = Base; path = Base.lproj/Main.storyboard; sourceTree = "<group>"; };
		28BD7813227A9C870029EF0E /* Assets.xcassets */ = {isa = PBXFileReference; lastKnownFileType = folder.assetcatalog; path = Assets.xcassets; sourceTree = "<group>"; };
		28BD7816227A9C870029EF0E /* Base */ = {isa = PBXFileReference; lastKnownFileType = file.storyboard; name = Base; path = Base.lproj/LaunchScreen.storyboard; sourceTree = "<group>"; };
		28BD7818227A9C870029EF0E /* Info.plist */ = {isa = PBXFileReference; lastKnownFileType = text.plist.xml; path = Info.plist; sourceTree = "<group>"; };
		28BD7841227AAA850029EF0E /* MochiPay.xcodeproj */ = {isa = PBXFileReference; lastKnownFileType = "wrapper.pb-project"; name = MochiPay.xcodeproj; path = ../../MochiPay.xcodeproj; sourceTree = "<group>"; };
/* End PBXFileReference section */

/* Begin PBXFrameworksBuildPhase section */
		28BD7806227A9C860029EF0E /* Frameworks */ = {
			isa = PBXFrameworksBuildPhase;
			buildActionMask = 2147483647;
			files = (
				28BD7847227AAA8E0029EF0E /* MochiPay.framework in Frameworks */,
			);
			runOnlyForDeploymentPostprocessing = 0;
		};
/* End PBXFrameworksBuildPhase section */

/* Begin PBXGroup section */
		28BD7800227A9C860029EF0E = {
			isa = PBXGroup;
			children = (
				28BD780B227A9C860029EF0E /* Swift Example */,
				28BD780A227A9C860029EF0E /* Products */,
				28BD7834227AA1230029EF0E /* Frameworks */,
				28BD7841227AAA850029EF0E /* MochiPay.xcodeproj */,
			);
			sourceTree = "<group>";
		};
		28BD780A227A9C860029EF0E /* Products */ = {
			isa = PBXGroup;
			children = (
				28BD7809227A9C860029EF0E /* Swift Example.app */,
			);
			name = Products;
			sourceTree = "<group>";
		};
		28BD780B227A9C860029EF0E /* Swift Example */ = {
			isa = PBXGroup;
			children = (
				28BD780C227A9C860029EF0E /* AppDelegate.swift */,
				28BD780E227A9C860029EF0E /* ViewController.swift */,
				28BD7810227A9C860029EF0E /* Main.storyboard */,
				28BD7813227A9C870029EF0E /* Assets.xcassets */,
				28BD7815227A9C870029EF0E /* LaunchScreen.storyboard */,
				28BD7818227A9C870029EF0E /* Info.plist */,
			);
			path = "Swift Example";
			sourceTree = "<group>";
		};
		28BD7834227AA1230029EF0E /* Frameworks */ = {
			isa = PBXGroup;
			children = (
			);
			name = Frameworks;
			sourceTree = "<group>";
		};
		28BD7842227AAA850029EF0E /* Products */ = {
			isa = PBXGroup;
			children = (
				28BD7846227AAA850029EF0E /* MochiPay.framework */,
			);
			name = Products;
			sourceTree = "<group>";
		};
/* End PBXGroup section */

/* Begin PBXNativeTarget section */
		28BD7808227A9C860029EF0E /* Swift Example */ = {
			isa = PBXNativeTarget;
			buildConfigurationList = 28BD781B227A9C870029EF0E /* Build configuration list for PBXNativeTarget "Swift Example" */;
			buildPhases = (
				28BD7805227A9C860029EF0E /* Sources */,
				28BD7806227A9C860029EF0E /* Frameworks */,
				28BD7807227A9C860029EF0E /* Resources */,
			);
			buildRules = (
			);
			dependencies = (
			);
			name = "Swift Example";
			productName = "Swift Example";
			productReference = 28BD7809227A9C860029EF0E /* Swift Example.app */;
			productType = "com.apple.product-type.application";
		};
/* End PBXNativeTarget section */

/* Begin PBXProject section */
		28BD7801227A9C860029EF0E /* Project object */ = {
			isa = PBXProject;
			attributes = {
				LastSwiftUpdateCheck = 1020;
				LastUpgradeCheck = 1020;
				ORGANIZATIONNAME = Pklotcorp;
				TargetAttributes = {
					28BD7808227A9C860029EF0E = {
						CreatedOnToolsVersion = 10.2.1;
					};
				};
			};
			buildConfigurationList = 28BD7804227A9C860029EF0E /* Build configuration list for PBXProject "Swift Example" */;
			compatibilityVersion = "Xcode 9.3";
			developmentRegion = en;
			hasScannedForEncodings = 0;
			knownRegions = (
				en,
				Base,
			);
			mainGroup = 28BD7800227A9C860029EF0E;
			productRefGroup = 28BD780A227A9C860029EF0E /* Products */;
			projectDirPath = "";
			projectReferences = (
				{
					ProductGroup = 28BD7842227AAA850029EF0E /* Products */;
					ProjectRef = 28BD7841227AAA850029EF0E /* MochiPay.xcodeproj */;
				},
			);
			projectRoot = "";
			targets = (
				28BD7808227A9C860029EF0E /* Swift Example */,
			);
		};
/* End PBXProject section */

/* Begin PBXReferenceProxy section */
		28BD7846227AAA850029EF0E /* MochiPay.framework */ = {
			isa = PBXReferenceProxy;
			fileType = wrapper.framework;
			path = MochiPay.framework;
			remoteRef = 28BD7845227AAA850029EF0E /* PBXContainerItemProxy */;
			sourceTree = BUILT_PRODUCTS_DIR;
		};
/* End PBXReferenceProxy section */

/* Begin PBXResourcesBuildPhase section */
		28BD7807227A9C860029EF0E /* Resources */ = {
			isa = PBXResourcesBuildPhase;
			buildActionMask = 2147483647;
			files = (
				28BD7817227A9C870029EF0E /* LaunchScreen.storyboard in Resources */,
				28BD7814227A9C870029EF0E /* Assets.xcassets in Resources */,
				28BD7812227A9C860029EF0E /* Main.storyboard in Resources */,
			);
			runOnlyForDeploymentPostprocessing = 0;
		};
/* End PBXResourcesBuildPhase section */

/* Begin PBXSourcesBuildPhase section */
		28BD7805227A9C860029EF0E /* Sources */ = {
			isa = PBXSourcesBuildPhase;
			buildActionMask = 2147483647;
			files = (
				28BD780F227A9C860029EF0E /* ViewController.swift in Sources */,
				28BD780D227A9C860029EF0E /* AppDelegate.swift in Sources */,
			);
			runOnlyForDeploymentPostprocessing = 0;
		};
/* End PBXSourcesBuildPhase section */

/* Begin PBXVariantGroup section */
		28BD7810227A9C860029EF0E /* Main.storyboard */ = {
			isa = PBXVariantGroup;
			children = (
				28BD7811227A9C860029EF0E /* Base */,
			);
			name = Main.storyboard;
			sourceTree = "<group>";
		};
		28BD7815227A9C870029EF0E /* LaunchScreen.storyboard */ = {
			isa = PBXVariantGroup;
			children = (
				28BD7816227A9C870029EF0E /* Base */,
			);
			name = LaunchScreen.storyboard;
			sourceTree = "<group>";
		};
/* End PBXVariantGroup section */

/* Begin XCBuildConfiguration section */
		28BD7819227A9C870029EF0E /* Debug */ = {
			isa = XCBuildConfiguration;
			buildSettings = {
				ALWAYS_SEARCH_USER_PATHS = NO;
				CLANG_ANALYZER_NONNULL = YES;
				CLANG_ANALYZER_NUMBER_OBJECT_CONVERSION = YES_AGGRESSIVE;
				CLANG_CXX_LANGUAGE_STANDARD = "gnu++14";
				CLANG_CXX_LIBRARY = "libc++";
				CLANG_ENABLE_MODULES = YES;
				CLANG_ENABLE_OBJC_ARC = YES;
				CLANG_ENABLE_OBJC_WEAK = YES;
				CLANG_WARN_BLOCK_CAPTURE_AUTORELEASING = YES;
				CLANG_WARN_BOOL_CONVERSION = YES;
				CLANG_WARN_COMMA = YES;
				CLANG_WARN_CONSTANT_CONVERSION = YES;
				CLANG_WARN_DEPRECATED_OBJC_IMPLEMENTATIONS = YES;
				CLANG_WARN_DIRECT_OBJC_ISA_USAGE = YES_ERROR;
				CLANG_WARN_DOCUMENTATION_COMMENTS = YES;
				CLANG_WARN_EMPTY_BODY = YES;
				CLANG_WARN_ENUM_CONVERSION = YES;
				CLANG_WARN_INFINITE_RECURSION = YES;
				CLANG_WARN_INT_CONVERSION = YES;
				CLANG_WARN_NON_LITERAL_NULL_CONVERSION = YES;
				CLANG_WARN_OBJC_IMPLICIT_RETAIN_SELF = YES;
				CLANG_WARN_OBJC_LITERAL_CONVERSION = YES;
				CLANG_WARN_OBJC_ROOT_CLASS = YES_ERROR;
				CLANG_WARN_RANGE_LOOP_ANALYSIS = YES;
				CLANG_WARN_STRICT_PROTOTYPES = YES;
				CLANG_WARN_SUSPICIOUS_MOVE = YES;
				CLANG_WARN_UNGUARDED_AVAILABILITY = YES_AGGRESSIVE;
				CLANG_WARN_UNREACHABLE_CODE = YES;
				CLANG_WARN__DUPLICATE_METHOD_MATCH = YES;
				CODE_SIGN_IDENTITY = "iPhone Developer";
				COPY_PHASE_STRIP = NO;
				DEBUG_INFORMATION_FORMAT = dwarf;
				ENABLE_STRICT_OBJC_MSGSEND = YES;
				ENABLE_TESTABILITY = YES;
				GCC_C_LANGUAGE_STANDARD = gnu11;
				GCC_DYNAMIC_NO_PIC = NO;
				GCC_NO_COMMON_BLOCKS = YES;
				GCC_OPTIMIZATION_LEVEL = 0;
				GCC_PREPROCESSOR_DEFINITIONS = (
					"DEBUG=1",
					"$(inherited)",
				);
				GCC_WARN_64_TO_32_BIT_CONVERSION = YES;
				GCC_WARN_ABOUT_RETURN_TYPE = YES_ERROR;
				GCC_WARN_UNDECLARED_SELECTOR = YES;
				GCC_WARN_UNINITIALIZED_AUTOS = YES_AGGRESSIVE;
				GCC_WARN_UNUSED_FUNCTION = YES;
				GCC_WARN_UNUSED_VARIABLE = YES;
				IPHONEOS_DEPLOYMENT_TARGET = 12.2;
				MTL_ENABLE_DEBUG_INFO = INCLUDE_SOURCE;
				MTL_FAST_MATH = YES;
				ONLY_ACTIVE_ARCH = YES;
				SDKROOT = iphoneos;
				SWIFT_ACTIVE_COMPILATION_CONDITIONS = DEBUG;
				SWIFT_OPTIMIZATION_LEVEL = "-Onone";
			};
			name = Debug;
		};
		28BD781A227A9C870029EF0E /* Release */ = {
			isa = XCBuildConfiguration;
			buildSettings = {
				ALWAYS_SEARCH_USER_PATHS = NO;
				CLANG_ANALYZER_NONNULL = YES;
				CLANG_ANALYZER_NUMBER_OBJECT_CONVERSION = YES_AGGRESSIVE;
				CLANG_CXX_LANGUAGE_STANDARD = "gnu++14";
				CLANG_CXX_LIBRARY = "libc++";
				CLANG_ENABLE_MODULES = YES;
				CLANG_ENABLE_OBJC_ARC = YES;
				CLANG_ENABLE_OBJC_WEAK = YES;
				CLANG_WARN_BLOCK_CAPTURE_AUTORELEASING = YES;
				CLANG_WARN_BOOL_CONVERSION = YES;
				CLANG_WARN_COMMA = YES;
				CLANG_WARN_CONSTANT_CONVERSION = YES;
				CLANG_WARN_DEPRECATED_OBJC_IMPLEMENTATIONS = YES;
				CLANG_WARN_DIRECT_OBJC_ISA_USAGE = YES_ERROR;
				CLANG_WARN_DOCUMENTATION_COMMENTS = YES;
				CLANG_WARN_EMPTY_BODY = YES;
				CLANG_WARN_ENUM_CONVERSION = YES;
				CLANG_WARN_INFINITE_RECURSION = YES;
				CLANG_WARN_INT_CONVERSION = YES;
				CLANG_WARN_NON_LITERAL_NULL_CONVERSION = YES;
				CLANG_WARN_OBJC_IMPLICIT_RETAIN_SELF = YES;
				CLANG_WARN_OBJC_LITERAL_CONVERSION = YES;
				CLANG_WARN_OBJC_ROOT_CLASS = YES_ERROR;
				CLANG_WARN_RANGE_LOOP_ANALYSIS = YES;
				CLANG_WARN_STRICT_PROTOTYPES = YES;
				CLANG_WARN_SUSPICIOUS_MOVE = YES;
				CLANG_WARN_UNGUARDED_AVAILABILITY = YES_AGGRESSIVE;
				CLANG_WARN_UNREACHABLE_CODE = YES;
				CLANG_WARN__DUPLICATE_METHOD_MATCH = YES;
				CODE_SIGN_IDENTITY = "iPhone Developer";
				COPY_PHASE_STRIP = NO;
				DEBUG_INFORMATION_FORMAT = "dwarf-with-dsym";
				ENABLE_NS_ASSERTIONS = NO;
				ENABLE_STRICT_OBJC_MSGSEND = YES;
				GCC_C_LANGUAGE_STANDARD = gnu11;
				GCC_NO_COMMON_BLOCKS = YES;
				GCC_WARN_64_TO_32_BIT_CONVERSION = YES;
				GCC_WARN_ABOUT_RETURN_TYPE = YES_ERROR;
				GCC_WARN_UNDECLARED_SELECTOR = YES;
				GCC_WARN_UNINITIALIZED_AUTOS = YES_AGGRESSIVE;
				GCC_WARN_UNUSED_FUNCTION = YES;
				GCC_WARN_UNUSED_VARIABLE = YES;
				IPHONEOS_DEPLOYMENT_TARGET = 12.2;
				MTL_ENABLE_DEBUG_INFO = NO;
				MTL_FAST_MATH = YES;
				SDKROOT = iphoneos;
				SWIFT_COMPILATION_MODE = wholemodule;
				SWIFT_OPTIMIZATION_LEVEL = "-O";
				VALIDATE_PRODUCT = YES;
			};
			name = Release;
		};
		28BD781C227A9C870029EF0E /* Debug */ = {
			isa = XCBuildConfiguration;
			buildSettings = {
				ASSETCATALOG_COMPILER_APPICON_NAME = AppIcon;
				CODE_SIGN_STYLE = Automatic;
				DEVELOPMENT_TEAM = QKGBKWE8NL;
				INFOPLIST_FILE = "Swift Example/Info.plist";
				LD_RUNPATH_SEARCH_PATHS = (
					"$(inherited)",
					"@executable_path/Frameworks",
				);
				PRODUCT_BUNDLE_IDENTIFIER = "com.pklotcorp.Swift-Example";
				PRODUCT_NAME = "$(TARGET_NAME)";
				SWIFT_VERSION = 5.0;
				TARGETED_DEVICE_FAMILY = "1,2";
			};
			name = Debug;
		};
		28BD781D227A9C870029EF0E /* Release */ = {
			isa = XCBuildConfiguration;
			buildSettings = {
				ASSETCATALOG_COMPILER_APPICON_NAME = AppIcon;
				CODE_SIGN_STYLE = Automatic;
				DEVELOPMENT_TEAM = QKGBKWE8NL;
				INFOPLIST_FILE = "Swift Example/Info.plist";
				LD_RUNPATH_SEARCH_PATHS = (
					"$(inherited)",
					"@executable_path/Frameworks",
				);
				PRODUCT_BUNDLE_IDENTIFIER = "com.pklotcorp.Swift-Example";
				PRODUCT_NAME = "$(TARGET_NAME)";
				SWIFT_VERSION = 5.0;
				TARGETED_DEVICE_FAMILY = "1,2";
			};
			name = Release;
		};
/* End XCBuildConfiguration section */

/* Begin XCConfigurationList section */
		28BD7804227A9C860029EF0E /* Build configuration list for PBXProject "Swift Example" */ = {
			isa = XCConfigurationList;
			buildConfigurations = (
				28BD7819227A9C870029EF0E /* Debug */,
				28BD781A227A9C870029EF0E /* Release */,
			);
			defaultConfigurationIsVisible = 0;
			defaultConfigurationName = Release;
		};
		28BD781B227A9C870029EF0E /* Build configuration list for PBXNativeTarget "Swift Example" */ = {
			isa = XCConfigurationList;
			buildConfigurations = (
				28BD781C227A9C870029EF0E /* Debug */,
				28BD781D227A9C870029EF0E /* Release */,
			);
			defaultConfigurationIsVisible = 0;
			defaultConfigurationName = Release;
		};
/* End XCConfigurationList section */
	};
	rootObject = 28BD7801227A9C860029EF0E /* Project object */;
}
